// !$*UTF8*$!
{
	archiveVersion = 1;
	classes = {
	};
	objectVersion = 50;
	objects = {

/* Begin PBXBuildFile section */
		E20BC84C263580AE002D6EDF /* TestNewsAppApp.swift in Sources */ = {isa = PBXBuildFile; fileRef = E20BC84B263580AE002D6EDF /* TestNewsAppApp.swift */; };
		E20BC84E263580AE002D6EDF /* ContentView.swift in Sources */ = {isa = PBXBuildFile; fileRef = E20BC84D263580AE002D6EDF /* ContentView.swift */; };
		E20BC850263580B4002D6EDF /* Assets.xcassets in Resources */ = {isa = PBXBuildFile; fileRef = E20BC84F263580B4002D6EDF /* Assets.xcassets */; };
		E20BC853263580B4002D6EDF /* Preview Assets.xcassets in Resources */ = {isa = PBXBuildFile; fileRef = E20BC852263580B4002D6EDF /* Preview Assets.xcassets */; };
		E27A78552635CCB6007F2E26 /* News.swift in Sources */ = {isa = PBXBuildFile; fileRef = E27A78542635CCB6007F2E26 /* News.swift */; };
		E27A78592635CE03007F2E26 /* API.swift in Sources */ = {isa = PBXBuildFile; fileRef = E27A78582635CE03007F2E26 /* API.swift */; };
		E27A785D2635CEAB007F2E26 /* NetworkManager.swift in Sources */ = {isa = PBXBuildFile; fileRef = E27A785C2635CEAB007F2E26 /* NetworkManager.swift */; };
		E27A78602635D637007F2E26 /* NewsList.swift in Sources */ = {isa = PBXBuildFile; fileRef = E27A785F2635D637007F2E26 /* NewsList.swift */; };
		E27A78632635D88C007F2E26 /* NewsListVM.swift in Sources */ = {isa = PBXBuildFile; fileRef = E27A78622635D88C007F2E26 /* NewsListVM.swift */; };
		E27A78662635DF0C007F2E26 /* NewsListHeader.swift in Sources */ = {isa = PBXBuildFile; fileRef = E27A78652635DF0C007F2E26 /* NewsListHeader.swift */; };
		E27A78692635E154007F2E26 /* NewsHome.swift in Sources */ = {isa = PBXBuildFile; fileRef = E27A78682635E154007F2E26 /* NewsHome.swift */; };
		E27A786C2635E243007F2E26 /* NewsListView.swift in Sources */ = {isa = PBXBuildFile; fileRef = E27A786B2635E243007F2E26 /* NewsListView.swift */; };
		E27A786F2635E26B007F2E26 /* NewsCell.swift in Sources */ = {isa = PBXBuildFile; fileRef = E27A786E2635E26B007F2E26 /* NewsCell.swift */; };
		E27A78732635EA9E007F2E26 /* SwiftUIWebView.swift in Sources */ = {isa = PBXBuildFile; fileRef = E27A78722635EA9E007F2E26 /* SwiftUIWebView.swift */; };
		E27A787B2635EEBE007F2E26 /* NewsArticleWebView.swift in Sources */ = {isa = PBXBuildFile; fileRef = E27A787A2635EEBE007F2E26 /* NewsArticleWebView.swift */; };
/* End PBXBuildFile section */

/* Begin PBXFileReference section */
		E20BC848263580AE002D6EDF /* TestNewsApp.app */ = {isa = PBXFileReference; explicitFileType = wrapper.application; includeInIndex = 0; path = TestNewsApp.app; sourceTree = BUILT_PRODUCTS_DIR; };
		E20BC84B263580AE002D6EDF /* TestNewsAppApp.swift */ = {isa = PBXFileReference; lastKnownFileType = sourcecode.swift; path = TestNewsAppApp.swift; sourceTree = "<group>"; };
		E20BC84D263580AE002D6EDF /* ContentView.swift */ = {isa = PBXFileReference; lastKnownFileType = sourcecode.swift; path = ContentView.swift; sourceTree = "<group>"; };
		E20BC84F263580B4002D6EDF /* Assets.xcassets */ = {isa = PBXFileReference; lastKnownFileType = folder.assetcatalog; path = Assets.xcassets; sourceTree = "<group>"; };
		E20BC852263580B4002D6EDF /* Preview Assets.xcassets */ = {isa = PBXFileReference; lastKnownFileType = folder.assetcatalog; path = "Preview Assets.xcassets"; sourceTree = "<group>"; };
		E20BC854263580B4002D6EDF /* Info.plist */ = {isa = PBXFileReference; lastKnownFileType = text.plist.xml; path = Info.plist; sourceTree = "<group>"; };
		E27A78542635CCB6007F2E26 /* News.swift */ = {isa = PBXFileReference; lastKnownFileType = sourcecode.swift; path = News.swift; sourceTree = "<group>"; };
		E27A78582635CE03007F2E26 /* API.swift */ = {isa = PBXFileReference; lastKnownFileType = sourcecode.swift; path = API.swift; sourceTree = "<group>"; };
		E27A785C2635CEAB007F2E26 /* NetworkManager.swift */ = {isa = PBXFileReference; lastKnownFileType = sourcecode.swift; path = NetworkManager.swift; sourceTree = "<group>"; };
		E27A785F2635D637007F2E26 /* NewsList.swift */ = {isa = PBXFileReference; lastKnownFileType = sourcecode.swift; path = NewsList.swift; sourceTree = "<group>"; };
		E27A78622635D88C007F2E26 /* NewsListVM.swift */ = {isa = PBXFileReference; lastKnownFileType = sourcecode.swift; path = NewsListVM.swift; sourceTree = "<group>"; };
		E27A78652635DF0C007F2E26 /* NewsListHeader.swift */ = {isa = PBXFileReference; lastKnownFileType = sourcecode.swift; path = NewsListHeader.swift; sourceTree = "<group>"; };
		E27A78682635E154007F2E26 /* NewsHome.swift */ = {isa = PBXFileReference; lastKnownFileType = sourcecode.swift; path = NewsHome.swift; sourceTree = "<group>"; };
		E27A786B2635E243007F2E26 /* NewsListView.swift */ = {isa = PBXFileReference; lastKnownFileType = sourcecode.swift; path = NewsListView.swift; sourceTree = "<group>"; };
		E27A786E2635E26B007F2E26 /* NewsCell.swift */ = {isa = PBXFileReference; lastKnownFileType = sourcecode.swift; path = NewsCell.swift; sourceTree = "<group>"; };
		E27A78722635EA9E007F2E26 /* SwiftUIWebView.swift */ = {isa = PBXFileReference; lastKnownFileType = sourcecode.swift; path = SwiftUIWebView.swift; sourceTree = "<group>"; };
		E27A787A2635EEBE007F2E26 /* NewsArticleWebView.swift */ = {isa = PBXFileReference; lastKnownFileType = sourcecode.swift; path = NewsArticleWebView.swift; sourceTree = "<group>"; };
/* End PBXFileReference section */

/* Begin PBXFrameworksBuildPhase section */
		E20BC845263580AE002D6EDF /* Frameworks */ = {
			isa = PBXFrameworksBuildPhase;
			buildActionMask = 2147483647;
			files = (
			);
			runOnlyForDeploymentPostprocessing = 0;
		};
/* End PBXFrameworksBuildPhase section */

/* Begin PBXGroup section */
		E20BC83F263580AE002D6EDF = {
			isa = PBXGroup;
			children = (
				E20BC84A263580AE002D6EDF /* TestNewsApp */,
				E20BC849263580AE002D6EDF /* Products */,
			);
			sourceTree = "<group>";
		};
		E20BC849263580AE002D6EDF /* Products */ = {
			isa = PBXGroup;
			children = (
				E20BC848263580AE002D6EDF /* TestNewsApp.app */,
			);
			name = Products;
			sourceTree = "<group>";
		};
		E20BC84A263580AE002D6EDF /* TestNewsApp */ = {
			isa = PBXGroup;
			children = (
				E27A78712635EA57007F2E26 /* Components */,
				E27A785B2635CE81007F2E26 /* Services */,
				E27A78572635CDDC007F2E26 /* Config */,
				E27A78532635CA9A007F2E26 /* Views */,
				E27A78522635CA6F007F2E26 /* ViewModels */,
				E27A78512635CA49007F2E26 /* Models */,
				E27A78502635C9FC007F2E26 /* AppRelated */,
				E20BC851263580B4002D6EDF /* Preview Content */,
			);
			path = TestNewsApp;
			sourceTree = "<group>";
		};
		E20BC851263580B4002D6EDF /* Preview Content */ = {
			isa = PBXGroup;
			children = (
				E20BC852263580B4002D6EDF /* Preview Assets.xcassets */,
			);
			path = "Preview Content";
			sourceTree = "<group>";
		};
		E27A78502635C9FC007F2E26 /* AppRelated */ = {
			isa = PBXGroup;
			children = (
				E20BC84F263580B4002D6EDF /* Assets.xcassets */,
				E20BC854263580B4002D6EDF /* Info.plist */,
				E20BC84B263580AE002D6EDF /* TestNewsAppApp.swift */,
			);
			name = AppRelated;
			sourceTree = "<group>";
		};
		E27A78512635CA49007F2E26 /* Models */ = {
			isa = PBXGroup;
			children = (
				E27A78542635CCB6007F2E26 /* News.swift */,
			);
			name = Models;
			sourceTree = "<group>";
		};
		E27A78522635CA6F007F2E26 /* ViewModels */ = {
			isa = PBXGroup;
			children = (
				E27A785F2635D637007F2E26 /* NewsList.swift */,
				E27A78622635D88C007F2E26 /* NewsListVM.swift */,
			);
			name = ViewModels;
			sourceTree = "<group>";
		};
		E27A78532635CA9A007F2E26 /* Views */ = {
			isa = PBXGroup;
			children = (
				E20BC84D263580AE002D6EDF /* ContentView.swift */,
				E27A78652635DF0C007F2E26 /* NewsListHeader.swift */,
				E27A78682635E154007F2E26 /* NewsHome.swift */,
				E27A786B2635E243007F2E26 /* NewsListView.swift */,
				E27A786E2635E26B007F2E26 /* NewsCell.swift */,
				E27A787A2635EEBE007F2E26 /* NewsArticleWebView.swift */,
			);
			name = Views;
			sourceTree = "<group>";
		};
		E27A78572635CDDC007F2E26 /* Config */ = {
			isa = PBXGroup;
			children = (
				E27A78582635CE03007F2E26 /* API.swift */,
			);
			name = Config;
			sourceTree = "<group>";
		};
		E27A785B2635CE81007F2E26 /* Services */ = {
			isa = PBXGroup;
			children = (
				E27A785C2635CEAB007F2E26 /* NetworkManager.swift */,
			);
			name = Services;
			sourceTree = "<group>";
		};
		E27A78712635EA57007F2E26 /* Components */ = {
			isa = PBXGroup;
			children = (
				E27A78722635EA9E007F2E26 /* SwiftUIWebView.swift */,
			);
			name = Components;
			sourceTree = "<group>";
		};
/* End PBXGroup section */

/* Begin PBXNativeTarget section */
		E20BC847263580AE002D6EDF /* TestNewsApp */ = {
			isa = PBXNativeTarget;
			buildConfigurationList = E20BC857263580B4002D6EDF /* Build configuration list for PBXNativeTarget "TestNewsApp" */;
			buildPhases = (
				E20BC844263580AE002D6EDF /* Sources */,
				E20BC845263580AE002D6EDF /* Frameworks */,
				E20BC846263580AE002D6EDF /* Resources */,
			);
			buildRules = (
			);
			dependencies = (
			);
			name = TestNewsApp;
			productName = TestNewsApp;
			productReference = E20BC848263580AE002D6EDF /* TestNewsApp.app */;
			productType = "com.apple.product-type.application";
		};
/* End PBXNativeTarget section */

/* Begin PBXProject section */
		E20BC840263580AE002D6EDF /* Project object */ = {
			isa = PBXProject;
			attributes = {
				LastSwiftUpdateCheck = 1240;
				LastUpgradeCheck = 1240;
				TargetAttributes = {
					E20BC847263580AE002D6EDF = {
						CreatedOnToolsVersion = 12.4;
					};
				};
			};
			buildConfigurationList = E20BC843263580AE002D6EDF /* Build configuration list for PBXProject "TestNewsApp" */;
			compatibilityVersion = "Xcode 9.3";
			developmentRegion = en;
			hasScannedForEncodings = 0;
			knownRegions = (
				en,
				Base,
			);
			mainGroup = E20BC83F263580AE002D6EDF;
			productRefGroup = E20BC849263580AE002D6EDF /* Products */;
			projectDirPath = "";
			projectRoot = "";
			targets = (
				E20BC847263580AE002D6EDF /* TestNewsApp */,
			);
		};
/* End PBXProject section */

/* Begin PBXResourcesBuildPhase section */
		E20BC846263580AE002D6EDF /* Resources */ = {
			isa = PBXResourcesBuildPhase;
			buildActionMask = 2147483647;
			files = (
				E20BC853263580B4002D6EDF /* Preview Assets.xcassets in Resources */,
				E20BC850263580B4002D6EDF /* Assets.xcassets in Resources */,
			);
			runOnlyForDeploymentPostprocessing = 0;
		};
/* End PBXResourcesBuildPhase section */

/* Begin PBXSourcesBuildPhase section */
		E20BC844263580AE002D6EDF /* Sources */ = {
			isa = PBXSourcesBuildPhase;
			buildActionMask = 2147483647;
			files = (
				E27A78602635D637007F2E26 /* NewsList.swift in Sources */,
				E27A78662635DF0C007F2E26 /* NewsListHeader.swift in Sources */,
				E27A787B2635EEBE007F2E26 /* NewsArticleWebView.swift in Sources */,
				E27A78632635D88C007F2E26 /* NewsListVM.swift in Sources */,
				E27A78552635CCB6007F2E26 /* News.swift in Sources */,
				E27A78692635E154007F2E26 /* NewsHome.swift in Sources */,
				E20BC84E263580AE002D6EDF /* ContentView.swift in Sources */,
				E27A785D2635CEAB007F2E26 /* NetworkManager.swift in Sources */,
				E27A78732635EA9E007F2E26 /* SwiftUIWebView.swift in Sources */,
				E27A786C2635E243007F2E26 /* NewsListView.swift in Sources */,
				E27A78592635CE03007F2E26 /* API.swift in Sources */,
				E20BC84C263580AE002D6EDF /* TestNewsAppApp.swift in Sources */,
				E27A786F2635E26B007F2E26 /* NewsCell.swift in Sources */,
			);
			runOnlyForDeploymentPostprocessing = 0;
		};
/* End PBXSourcesBuildPhase section */

/* Begin XCBuildConfiguration section */
		E20BC855263580B4002D6EDF /* Debug */ = {
			isa = XCBuildConfiguration;
			buildSettings = {
				ALWAYS_SEARCH_USER_PATHS = NO;
				CLANG_ANALYZER_NONNULL = YES;
				CLANG_ANALYZER_NUMBER_OBJECT_CONVERSION = YES_AGGRESSIVE;
				CLANG_CXX_LANGUAGE_STANDARD = "gnu++14";
				CLANG_CXX_LIBRARY = "libc++";
				CLANG_ENABLE_MODULES = YES;
				CLANG_ENABLE_OBJC_ARC = YES;
				CLANG_ENABLE_OBJC_WEAK = YES;
				CLANG_WARN_BLOCK_CAPTURE_AUTORELEASING = YES;
				CLANG_WARN_BOOL_CONVERSION = YES;
				CLANG_WARN_COMMA = YES;
				CLANG_WARN_CONSTANT_CONVERSION = YES;
				CLANG_WARN_DEPRECATED_OBJC_IMPLEMENTATIONS = YES;
				CLANG_WARN_DIRECT_OBJC_ISA_USAGE = YES_ERROR;
				CLANG_WARN_DOCUMENTATION_COMMENTS = YES;
				CLANG_WARN_EMPTY_BODY = YES;
				CLANG_WARN_ENUM_CONVERSION = YES;
				CLANG_WARN_INFINITE_RECURSION = YES;
				CLANG_WARN_INT_CONVERSION = YES;
				CLANG_WARN_NON_LITERAL_NULL_CONVERSION = YES;
				CLANG_WARN_OBJC_IMPLICIT_RETAIN_SELF = YES;
				CLANG_WARN_OBJC_LITERAL_CONVERSION = YES;
				CLANG_WARN_OBJC_ROOT_CLASS = YES_ERROR;
				CLANG_WARN_QUOTED_INCLUDE_IN_FRAMEWORK_HEADER = YES;
				CLANG_WARN_RANGE_LOOP_ANALYSIS = YES;
				CLANG_WARN_STRICT_PROTOTYPES = YES;
				CLANG_WARN_SUSPICIOUS_MOVE = YES;
				CLANG_WARN_UNGUARDED_AVAILABILITY = YES_AGGRESSIVE;
				CLANG_WARN_UNREACHABLE_CODE = YES;
				CLANG_WARN__DUPLICATE_METHOD_MATCH = YES;
				COPY_PHASE_STRIP = NO;
				DEBUG_INFORMATION_FORMAT = dwarf;
				ENABLE_STRICT_OBJC_MSGSEND = YES;
				ENABLE_TESTABILITY = YES;
				GCC_C_LANGUAGE_STANDARD = gnu11;
				GCC_DYNAMIC_NO_PIC = NO;
				GCC_NO_COMMON_BLOCKS = YES;
				GCC_OPTIMIZATION_LEVEL = 0;
				GCC_PREPROCESSOR_DEFINITIONS = (
					"DEBUG=1",
					"$(inherited)",
				);
				GCC_WARN_64_TO_32_BIT_CONVERSION = YES;
				GCC_WARN_ABOUT_RETURN_TYPE = YES_ERROR;
				GCC_WARN_UNDECLARED_SELECTOR = YES;
				GCC_WARN_UNINITIALIZED_AUTOS = YES_AGGRESSIVE;
				GCC_WARN_UNUSED_FUNCTION = YES;
				GCC_WARN_UNUSED_VARIABLE = YES;
				IPHONEOS_DEPLOYMENT_TARGET = 14.4;
				MTL_ENABLE_DEBUG_INFO = INCLUDE_SOURCE;
				MTL_FAST_MATH = YES;
				ONLY_ACTIVE_ARCH = YES;
				SDKROOT = iphoneos;
				SWIFT_ACTIVE_COMPILATION_CONDITIONS = DEBUG;
				SWIFT_OPTIMIZATION_LEVEL = "-Onone";
			};
			name = Debug;
		};
		E20BC856263580B4002D6EDF /* Release */ = {
			isa = XCBuildConfiguration;
			buildSettings = {
				ALWAYS_SEARCH_USER_PATHS = NO;
				CLANG_ANALYZER_NONNULL = YES;
				CLANG_ANALYZER_NUMBER_OBJECT_CONVERSION = YES_AGGRESSIVE;
				CLANG_CXX_LANGUAGE_STANDARD = "gnu++14";
				CLANG_CXX_LIBRARY = "libc++";
				CLANG_ENABLE_MODULES = YES;
				CLANG_ENABLE_OBJC_ARC = YES;
				CLANG_ENABLE_OBJC_WEAK = YES;
				CLANG_WARN_BLOCK_CAPTURE_AUTORELEASING = YES;
				CLANG_WARN_BOOL_CONVERSION = YES;
				CLANG_WARN_COMMA = YES;
				CLANG_WARN_CONSTANT_CONVERSION = YES;
				CLANG_WARN_DEPRECATED_OBJC_IMPLEMENTATIONS = YES;
				CLANG_WARN_DIRECT_OBJC_ISA_USAGE = YES_ERROR;
				CLANG_WARN_DOCUMENTATION_COMMENTS = YES;
				CLANG_WARN_EMPTY_BODY = YES;
				CLANG_WARN_ENUM_CONVERSION = YES;
				CLANG_WARN_INFINITE_RECURSION = YES;
				CLANG_WARN_INT_CONVERSION = YES;
				CLANG_WARN_NON_LITERAL_NULL_CONVERSION = YES;
				CLANG_WARN_OBJC_IMPLICIT_RETAIN_SELF = YES;
				CLANG_WARN_OBJC_LITERAL_CONVERSION = YES;
				CLANG_WARN_OBJC_ROOT_CLASS = YES_ERROR;
				CLANG_WARN_QUOTED_INCLUDE_IN_FRAMEWORK_HEADER = YES;
				CLANG_WARN_RANGE_LOOP_ANALYSIS = YES;
				CLANG_WARN_STRICT_PROTOTYPES = YES;
				CLANG_WARN_SUSPICIOUS_MOVE = YES;
				CLANG_WARN_UNGUARDED_AVAILABILITY = YES_AGGRESSIVE;
				CLANG_WARN_UNREACHABLE_CODE = YES;
				CLANG_WARN__DUPLICATE_METHOD_MATCH = YES;
				COPY_PHASE_STRIP = NO;
				DEBUG_INFORMATION_FORMAT = "dwarf-with-dsym";
				ENABLE_NS_ASSERTIONS = NO;
				ENABLE_STRICT_OBJC_MSGSEND = YES;
				GCC_C_LANGUAGE_STANDARD = gnu11;
				GCC_NO_COMMON_BLOCKS = YES;
				GCC_WARN_64_TO_32_BIT_CONVERSION = YES;
				GCC_WARN_ABOUT_RETURN_TYPE = YES_ERROR;
				GCC_WARN_UNDECLARED_SELECTOR = YES;
				GCC_WARN_UNINITIALIZED_AUTOS = YES_AGGRESSIVE;
				GCC_WARN_UNUSED_FUNCTION = YES;
				GCC_WARN_UNUSED_VARIABLE = YES;
				IPHONEOS_DEPLOYMENT_TARGET = 14.4;
				MTL_ENABLE_DEBUG_INFO = NO;
				MTL_FAST_MATH = YES;
				SDKROOT = iphoneos;
				SWIFT_COMPILATION_MODE = wholemodule;
				SWIFT_OPTIMIZATION_LEVEL = "-O";
				VALIDATE_PRODUCT = YES;
			};
			name = Release;
		};
		E20BC858263580B4002D6EDF /* Debug */ = {
			isa = XCBuildConfiguration;
			buildSettings = {
				ASSETCATALOG_COMPILER_APPICON_NAME = AppIcon;
				ASSETCATALOG_COMPILER_GLOBAL_ACCENT_COLOR_NAME = AccentColor;
				CODE_SIGN_STYLE = Automatic;
				DEVELOPMENT_ASSET_PATHS = "\"TestNewsApp/Preview Content\"";
				DEVELOPMENT_TEAM = U42JKQ2R63;
				ENABLE_PREVIEWS = YES;
				INFOPLIST_FILE = TestNewsApp/Info.plist;
				IPHONEOS_DEPLOYMENT_TARGET = 14.0;
				LD_RUNPATH_SEARCH_PATHS = (
					"$(inherited)",
					"@executable_path/Frameworks",
				);
				PRODUCT_BUNDLE_IDENTIFIER = AF.TestNewsApp;
				PRODUCT_NAME = "$(TARGET_NAME)";
				SWIFT_VERSION = 5.0;
				TARGETED_DEVICE_FAMILY = "1,2";
			};
			name = Debug;
		};
		E20BC859263580B4002D6EDF /* Release */ = {
			isa = XCBuildConfiguration;
			buildSettings = {
				ASSETCATALOG_COMPILER_APPICON_NAME = AppIcon;
				ASSETCATALOG_COMPILER_GLOBAL_ACCENT_COLOR_NAME = AccentColor;
				CODE_SIGN_STYLE = Automatic;
				DEVELOPMENT_ASSET_PATHS = "\"TestNewsApp/Preview Content\"";
				DEVELOPMENT_TEAM = U42JKQ2R63;
				ENABLE_PREVIEWS = YES;
				INFOPLIST_FILE = TestNewsApp/Info.plist;
				IPHONEOS_DEPLOYMENT_TARGET = 14.0;
				LD_RUNPATH_SEARCH_PATHS = (
					"$(inherited)",
					"@executable_path/Frameworks",
				);
				PRODUCT_BUNDLE_IDENTIFIER = AF.TestNewsApp;
				PRODUCT_NAME = "$(TARGET_NAME)";
				SWIFT_VERSION = 5.0;
				TARGETED_DEVICE_FAMILY = "1,2";
			};
			name = Release;
		};
/* End XCBuildConfiguration section */

/* Begin XCConfigurationList section */
		E20BC843263580AE002D6EDF /* Build configuration list for PBXProject "TestNewsApp" */ = {
			isa = XCConfigurationList;
			buildConfigurations = (
				E20BC855263580B4002D6EDF /* Debug */,
				E20BC856263580B4002D6EDF /* Release */,
			);
			defaultConfigurationIsVisible = 0;
			defaultConfigurationName = Release;
		};
		E20BC857263580B4002D6EDF /* Build configuration list for PBXNativeTarget "TestNewsApp" */ = {
			isa = XCConfigurationList;
			buildConfigurations = (
				E20BC858263580B4002D6EDF /* Debug */,
				E20BC859263580B4002D6EDF /* Release */,
			);
			defaultConfigurationIsVisible = 0;
			defaultConfigurationName = Release;
		};
/* End XCConfigurationList section */
	};
	rootObject = E20BC840263580AE002D6EDF /* Project object */;
}
